// !$*UTF8*$!
{
	archiveVersion = 1;
	classes = {
	};
	objectVersion = 46;
	objects = {

/* Begin PBXBuildFile section */
		0CE6391C7A8C11E42C25FED7 /* libPods-GHLoginUITests.a in Frameworks */ = {isa = PBXBuildFile; fileRef = 038D5B2C46A543ACA6C82CBE /* libPods-GHLoginUITests.a */; };
		173564B461CB50210B7319A1 /* libPods-GHLoginTests.a in Frameworks */ = {isa = PBXBuildFile; fileRef = E20178117C48F070B51FC42A /* libPods-GHLoginTests.a */; };
		29D05F02CC4951E479C4E589 /* libPods-GHLogin.a in Frameworks */ = {isa = PBXBuildFile; fileRef = C8A6F1C4D17E666FF765A985 /* libPods-GHLogin.a */; };
		3D77B71A1F0A2BD00024DCC7 /* main.m in Sources */ = {isa = PBXBuildFile; fileRef = 3D77B7191F0A2BD00024DCC7 /* main.m */; };
		3D77B71D1F0A2BD00024DCC7 /* AppDelegate.m in Sources */ = {isa = PBXBuildFile; fileRef = 3D77B71C1F0A2BD00024DCC7 /* AppDelegate.m */; };
		3D77B7231F0A2BD00024DCC7 /* Main.storyboard in Resources */ = {isa = PBXBuildFile; fileRef = 3D77B7211F0A2BD00024DCC7 /* Main.storyboard */; };
		3D77B7251F0A2BD00024DCC7 /* Assets.xcassets in Resources */ = {isa = PBXBuildFile; fileRef = 3D77B7241F0A2BD00024DCC7 /* Assets.xcassets */; };
		3D77B7281F0A2BD00024DCC7 /* LaunchScreen.storyboard in Resources */ = {isa = PBXBuildFile; fileRef = 3D77B7261F0A2BD00024DCC7 /* LaunchScreen.storyboard */; };
		3D77B7331F0A2BD00024DCC7 /* GHLoginTests.m in Sources */ = {isa = PBXBuildFile; fileRef = 3D77B7321F0A2BD00024DCC7 /* GHLoginTests.m */; };
		3D77B73E1F0A2BD00024DCC7 /* GHLoginUITests.m in Sources */ = {isa = PBXBuildFile; fileRef = 3D77B73D1F0A2BD00024DCC7 /* GHLoginUITests.m */; };
		3D77B7501F0A2C2B0024DCC7 /* GHLoginViewController.m in Sources */ = {isa = PBXBuildFile; fileRef = 3D77B74F1F0A2C2B0024DCC7 /* GHLoginViewController.m */; };
/* End PBXBuildFile section */

/* Begin PBXContainerItemProxy section */
		3D77B72F1F0A2BD00024DCC7 /* PBXContainerItemProxy */ = {
			isa = PBXContainerItemProxy;
			containerPortal = 3D77B70D1F0A2BD00024DCC7 /* Project object */;
			proxyType = 1;
			remoteGlobalIDString = 3D77B7141F0A2BD00024DCC7;
			remoteInfo = GHLogin;
		};
		3D77B73A1F0A2BD00024DCC7 /* PBXContainerItemProxy */ = {
			isa = PBXContainerItemProxy;
			containerPortal = 3D77B70D1F0A2BD00024DCC7 /* Project object */;
			proxyType = 1;
			remoteGlobalIDString = 3D77B7141F0A2BD00024DCC7;
			remoteInfo = GHLogin;
		};
/* End PBXContainerItemProxy section */

/* Begin PBXFileReference section */
		038D5B2C46A543ACA6C82CBE /* libPods-GHLoginUITests.a */ = {isa = PBXFileReference; explicitFileType = archive.ar; includeInIndex = 0; path = "libPods-GHLoginUITests.a"; sourceTree = BUILT_PRODUCTS_DIR; };
		2AFAC292A6C9E8ADAA5976E4 /* Pods-GHLoginUITests.debug.xcconfig */ = {isa = PBXFileReference; includeInIndex = 1; lastKnownFileType = text.xcconfig; name = "Pods-GHLoginUITests.debug.xcconfig"; path = "Pods/Target Support Files/Pods-GHLoginUITests/Pods-GHLoginUITests.debug.xcconfig"; sourceTree = "<group>"; };
		3CEE32483A6206728E8290F9 /* Pods-GHLogin.release.xcconfig */ = {isa = PBXFileReference; includeInIndex = 1; lastKnownFileType = text.xcconfig; name = "Pods-GHLogin.release.xcconfig"; path = "Pods/Target Support Files/Pods-GHLogin/Pods-GHLogin.release.xcconfig"; sourceTree = "<group>"; };
		3D77B7151F0A2BD00024DCC7 /* GHLogin.app */ = {isa = PBXFileReference; explicitFileType = wrapper.application; includeInIndex = 0; path = GHLogin.app; sourceTree = BUILT_PRODUCTS_DIR; };
		3D77B7191F0A2BD00024DCC7 /* main.m */ = {isa = PBXFileReference; lastKnownFileType = sourcecode.c.objc; path = main.m; sourceTree = "<group>"; };
		3D77B71B1F0A2BD00024DCC7 /* AppDelegate.h */ = {isa = PBXFileReference; lastKnownFileType = sourcecode.c.h; path = AppDelegate.h; sourceTree = "<group>"; };
		3D77B71C1F0A2BD00024DCC7 /* AppDelegate.m */ = {isa = PBXFileReference; lastKnownFileType = sourcecode.c.objc; path = AppDelegate.m; sourceTree = "<group>"; };
		3D77B7221F0A2BD00024DCC7 /* Base */ = {isa = PBXFileReference; lastKnownFileType = file.storyboard; name = Base; path = Base.lproj/Main.storyboard; sourceTree = "<group>"; };
		3D77B7241F0A2BD00024DCC7 /* Assets.xcassets */ = {isa = PBXFileReference; lastKnownFileType = folder.assetcatalog; path = Assets.xcassets; sourceTree = "<group>"; };
		3D77B7271F0A2BD00024DCC7 /* Base */ = {isa = PBXFileReference; lastKnownFileType = file.storyboard; name = Base; path = Base.lproj/LaunchScreen.storyboard; sourceTree = "<group>"; };
		3D77B7291F0A2BD00024DCC7 /* Info.plist */ = {isa = PBXFileReference; lastKnownFileType = text.plist.xml; path = Info.plist; sourceTree = "<group>"; };
		3D77B72E1F0A2BD00024DCC7 /* GHLoginTests.xctest */ = {isa = PBXFileReference; explicitFileType = wrapper.cfbundle; includeInIndex = 0; path = GHLoginTests.xctest; sourceTree = BUILT_PRODUCTS_DIR; };
		3D77B7321F0A2BD00024DCC7 /* GHLoginTests.m */ = {isa = PBXFileReference; lastKnownFileType = sourcecode.c.objc; path = GHLoginTests.m; sourceTree = "<group>"; };
		3D77B7341F0A2BD00024DCC7 /* Info.plist */ = {isa = PBXFileReference; lastKnownFileType = text.plist.xml; path = Info.plist; sourceTree = "<group>"; };
		3D77B7391F0A2BD00024DCC7 /* GHLoginUITests.xctest */ = {isa = PBXFileReference; explicitFileType = wrapper.cfbundle; includeInIndex = 0; path = GHLoginUITests.xctest; sourceTree = BUILT_PRODUCTS_DIR; };
		3D77B73D1F0A2BD00024DCC7 /* GHLoginUITests.m */ = {isa = PBXFileReference; lastKnownFileType = sourcecode.c.objc; path = GHLoginUITests.m; sourceTree = "<group>"; };
		3D77B73F1F0A2BD00024DCC7 /* Info.plist */ = {isa = PBXFileReference; lastKnownFileType = text.plist.xml; path = Info.plist; sourceTree = "<group>"; };
		3D77B74E1F0A2C2B0024DCC7 /* GHLoginViewController.h */ = {isa = PBXFileReference; fileEncoding = 4; lastKnownFileType = sourcecode.c.h; path = GHLoginViewController.h; sourceTree = "<group>"; };
		3D77B74F1F0A2C2B0024DCC7 /* GHLoginViewController.m */ = {isa = PBXFileReference; fileEncoding = 4; lastKnownFileType = sourcecode.c.objc; path = GHLoginViewController.m; sourceTree = "<group>"; };
		43DE57AB91AED95F0DFA3864 /* Pods-GHLoginTests.debug.xcconfig */ = {isa = PBXFileReference; includeInIndex = 1; lastKnownFileType = text.xcconfig; name = "Pods-GHLoginTests.debug.xcconfig"; path = "Pods/Target Support Files/Pods-GHLoginTests/Pods-GHLoginTests.debug.xcconfig"; sourceTree = "<group>"; };
		73D1C888A9A9E436407132ED /* Pods-GHLoginUITests.release.xcconfig */ = {isa = PBXFileReference; includeInIndex = 1; lastKnownFileType = text.xcconfig; name = "Pods-GHLoginUITests.release.xcconfig"; path = "Pods/Target Support Files/Pods-GHLoginUITests/Pods-GHLoginUITests.release.xcconfig"; sourceTree = "<group>"; };
		83260C036634B028B0B1B400 /* Pods-GHLogin.debug.xcconfig */ = {isa = PBXFileReference; includeInIndex = 1; lastKnownFileType = text.xcconfig; name = "Pods-GHLogin.debug.xcconfig"; path = "Pods/Target Support Files/Pods-GHLogin/Pods-GHLogin.debug.xcconfig"; sourceTree = "<group>"; };
		9F72034FCB2297246FBC8896 /* Pods-GHLoginTests.release.xcconfig */ = {isa = PBXFileReference; includeInIndex = 1; lastKnownFileType = text.xcconfig; name = "Pods-GHLoginTests.release.xcconfig"; path = "Pods/Target Support Files/Pods-GHLoginTests/Pods-GHLoginTests.release.xcconfig"; sourceTree = "<group>"; };
		C8A6F1C4D17E666FF765A985 /* libPods-GHLogin.a */ = {isa = PBXFileReference; explicitFileType = archive.ar; includeInIndex = 0; path = "libPods-GHLogin.a"; sourceTree = BUILT_PRODUCTS_DIR; };
		E20178117C48F070B51FC42A /* libPods-GHLoginTests.a */ = {isa = PBXFileReference; explicitFileType = archive.ar; includeInIndex = 0; path = "libPods-GHLoginTests.a"; sourceTree = BUILT_PRODUCTS_DIR; };
/* End PBXFileReference section */

/* Begin PBXFrameworksBuildPhase section */
		3D77B7121F0A2BD00024DCC7 /* Frameworks */ = {
			isa = PBXFrameworksBuildPhase;
			buildActionMask = 2147483647;
			files = (
				29D05F02CC4951E479C4E589 /* libPods-GHLogin.a in Frameworks */,
			);
			runOnlyForDeploymentPostprocessing = 0;
		};
		3D77B72B1F0A2BD00024DCC7 /* Frameworks */ = {
			isa = PBXFrameworksBuildPhase;
			buildActionMask = 2147483647;
			files = (
				173564B461CB50210B7319A1 /* libPods-GHLoginTests.a in Frameworks */,
			);
			runOnlyForDeploymentPostprocessing = 0;
		};
		3D77B7361F0A2BD00024DCC7 /* Frameworks */ = {
			isa = PBXFrameworksBuildPhase;
			buildActionMask = 2147483647;
			files = (
				0CE6391C7A8C11E42C25FED7 /* libPods-GHLoginUITests.a in Frameworks */,
			);
			runOnlyForDeploymentPostprocessing = 0;
		};
/* End PBXFrameworksBuildPhase section */

/* Begin PBXGroup section */
		3D77B70C1F0A2BD00024DCC7 = {
			isa = PBXGroup;
			children = (
				3D77B7171F0A2BD00024DCC7 /* GHLogin */,
				3D77B7311F0A2BD00024DCC7 /* GHLoginTests */,
				3D77B73C1F0A2BD00024DCC7 /* GHLoginUITests */,
				3D77B7161F0A2BD00024DCC7 /* Products */,
				7DA7FE4566AF0F1514C2140D /* Pods */,
				D98188CD68AB3EB65EFF19FC /* Frameworks */,
			);
			sourceTree = "<group>";
		};
		3D77B7161F0A2BD00024DCC7 /* Products */ = {
			isa = PBXGroup;
			children = (
				3D77B7151F0A2BD00024DCC7 /* GHLogin.app */,
				3D77B72E1F0A2BD00024DCC7 /* GHLoginTests.xctest */,
				3D77B7391F0A2BD00024DCC7 /* GHLoginUITests.xctest */,
			);
			name = Products;
			sourceTree = "<group>";
		};
		3D77B7171F0A2BD00024DCC7 /* GHLogin */ = {
			isa = PBXGroup;
			children = (
				3D77B74B1F0A2C140024DCC7 /* Login */,
				3D77B71B1F0A2BD00024DCC7 /* AppDelegate.h */,
				3D77B71C1F0A2BD00024DCC7 /* AppDelegate.m */,
				3D77B7211F0A2BD00024DCC7 /* Main.storyboard */,
				3D77B7241F0A2BD00024DCC7 /* Assets.xcassets */,
				3D77B7261F0A2BD00024DCC7 /* LaunchScreen.storyboard */,
				3D77B7291F0A2BD00024DCC7 /* Info.plist */,
				3D77B7181F0A2BD00024DCC7 /* Supporting Files */,
			);
			path = GHLogin;
			sourceTree = "<group>";
		};
		3D77B7181F0A2BD00024DCC7 /* Supporting Files */ = {
			isa = PBXGroup;
			children = (
				3D77B7191F0A2BD00024DCC7 /* main.m */,
			);
			name = "Supporting Files";
			sourceTree = "<group>";
		};
		3D77B7311F0A2BD00024DCC7 /* GHLoginTests */ = {
			isa = PBXGroup;
			children = (
				3D77B7321F0A2BD00024DCC7 /* GHLoginTests.m */,
				3D77B7341F0A2BD00024DCC7 /* Info.plist */,
			);
			path = GHLoginTests;
			sourceTree = "<group>";
		};
		3D77B73C1F0A2BD00024DCC7 /* GHLoginUITests */ = {
			isa = PBXGroup;
			children = (
				3D77B73D1F0A2BD00024DCC7 /* GHLoginUITests.m */,
				3D77B73F1F0A2BD00024DCC7 /* Info.plist */,
			);
			path = GHLoginUITests;
			sourceTree = "<group>";
		};
		3D77B74B1F0A2C140024DCC7 /* Login */ = {
			isa = PBXGroup;
			children = (
				3D77B74C1F0A2C140024DCC7 /* Controller */,
				3D77B74D1F0A2C140024DCC7 /* View */,
			);
			path = Login;
			sourceTree = "<group>";
		};
		3D77B74C1F0A2C140024DCC7 /* Controller */ = {
			isa = PBXGroup;
			children = (
				3D77B74E1F0A2C2B0024DCC7 /* GHLoginViewController.h */,
				3D77B74F1F0A2C2B0024DCC7 /* GHLoginViewController.m */,
			);
			path = Controller;
			sourceTree = "<group>";
		};
		3D77B74D1F0A2C140024DCC7 /* View */ = {
			isa = PBXGroup;
			children = (
			);
			path = View;
			sourceTree = "<group>";
		};
		7DA7FE4566AF0F1514C2140D /* Pods */ = {
			isa = PBXGroup;
			children = (
				83260C036634B028B0B1B400 /* Pods-GHLogin.debug.xcconfig */,
				3CEE32483A6206728E8290F9 /* Pods-GHLogin.release.xcconfig */,
				43DE57AB91AED95F0DFA3864 /* Pods-GHLoginTests.debug.xcconfig */,
				9F72034FCB2297246FBC8896 /* Pods-GHLoginTests.release.xcconfig */,
				2AFAC292A6C9E8ADAA5976E4 /* Pods-GHLoginUITests.debug.xcconfig */,
				73D1C888A9A9E436407132ED /* Pods-GHLoginUITests.release.xcconfig */,
			);
			name = Pods;
			sourceTree = "<group>";
		};
		D98188CD68AB3EB65EFF19FC /* Frameworks */ = {
			isa = PBXGroup;
			children = (
				C8A6F1C4D17E666FF765A985 /* libPods-GHLogin.a */,
				E20178117C48F070B51FC42A /* libPods-GHLoginTests.a */,
				038D5B2C46A543ACA6C82CBE /* libPods-GHLoginUITests.a */,
			);
			name = Frameworks;
			sourceTree = "<group>";
		};
/* End PBXGroup section */

/* Begin PBXNativeTarget section */
		3D77B7141F0A2BD00024DCC7 /* GHLogin */ = {
			isa = PBXNativeTarget;
			buildConfigurationList = 3D77B7421F0A2BD00024DCC7 /* Build configuration list for PBXNativeTarget "GHLogin" */;
			buildPhases = (
				50C8322712DFF3729D00D43D /* [CP] Check Pods Manifest.lock */,
				3D77B7111F0A2BD00024DCC7 /* Sources */,
				3D77B7121F0A2BD00024DCC7 /* Frameworks */,
				3D77B7131F0A2BD00024DCC7 /* Resources */,
				29E2C22ADACE869F984B721D /* [CP] Embed Pods Frameworks */,
				A7454C339F93C8D61FBD10C4 /* [CP] Copy Pods Resources */,
			);
			buildRules = (
			);
			dependencies = (
			);
			name = GHLogin;
			productName = GHLogin;
			productReference = 3D77B7151F0A2BD00024DCC7 /* GHLogin.app */;
			productType = "com.apple.product-type.application";
		};
		3D77B72D1F0A2BD00024DCC7 /* GHLoginTests */ = {
			isa = PBXNativeTarget;
			buildConfigurationList = 3D77B7451F0A2BD00024DCC7 /* Build configuration list for PBXNativeTarget "GHLoginTests" */;
			buildPhases = (
				D48C598DBC102105DD450FCC /* [CP] Check Pods Manifest.lock */,
				3D77B72A1F0A2BD00024DCC7 /* Sources */,
				3D77B72B1F0A2BD00024DCC7 /* Frameworks */,
				3D77B72C1F0A2BD00024DCC7 /* Resources */,
				FC507CD4FA4F150B72E75C83 /* [CP] Embed Pods Frameworks */,
				6EEAA6A04D2E5D70BA9CD19F /* [CP] Copy Pods Resources */,
			);
			buildRules = (
			);
			dependencies = (
				3D77B7301F0A2BD00024DCC7 /* PBXTargetDependency */,
			);
			name = GHLoginTests;
			productName = GHLoginTests;
			productReference = 3D77B72E1F0A2BD00024DCC7 /* GHLoginTests.xctest */;
			productType = "com.apple.product-type.bundle.unit-test";
		};
		3D77B7381F0A2BD00024DCC7 /* GHLoginUITests */ = {
			isa = PBXNativeTarget;
			buildConfigurationList = 3D77B7481F0A2BD00024DCC7 /* Build configuration list for PBXNativeTarget "GHLoginUITests" */;
			buildPhases = (
				DB19C675B87A99696C625A20 /* [CP] Check Pods Manifest.lock */,
				3D77B7351F0A2BD00024DCC7 /* Sources */,
				3D77B7361F0A2BD00024DCC7 /* Frameworks */,
				3D77B7371F0A2BD00024DCC7 /* Resources */,
				4DD3AB83A343662C8B9527C4 /* [CP] Embed Pods Frameworks */,
				B87D8C2826FF9359E09E267B /* [CP] Copy Pods Resources */,
			);
			buildRules = (
			);
			dependencies = (
				3D77B73B1F0A2BD00024DCC7 /* PBXTargetDependency */,
			);
			name = GHLoginUITests;
			productName = GHLoginUITests;
			productReference = 3D77B7391F0A2BD00024DCC7 /* GHLoginUITests.xctest */;
			productType = "com.apple.product-type.bundle.ui-testing";
		};
/* End PBXNativeTarget section */

/* Begin PBXProject section */
		3D77B70D1F0A2BD00024DCC7 /* Project object */ = {
			isa = PBXProject;
			attributes = {
				CLASSPREFIX = GH;
				LastUpgradeCheck = 0830;
				ORGANIZATIONNAME = "eiboran-imac5k";
				TargetAttributes = {
					3D77B7141F0A2BD00024DCC7 = {
						CreatedOnToolsVersion = 8.3.2;
						DevelopmentTeam = 7662535V8E;
						ProvisioningStyle = Automatic;
					};
					3D77B72D1F0A2BD00024DCC7 = {
						CreatedOnToolsVersion = 8.3.2;
						ProvisioningStyle = Automatic;
						TestTargetID = 3D77B7141F0A2BD00024DCC7;
					};
					3D77B7381F0A2BD00024DCC7 = {
						CreatedOnToolsVersion = 8.3.2;
						ProvisioningStyle = Automatic;
						TestTargetID = 3D77B7141F0A2BD00024DCC7;
					};
				};
			};
			buildConfigurationList = 3D77B7101F0A2BD00024DCC7 /* Build configuration list for PBXProject "GHLogin" */;
			compatibilityVersion = "Xcode 3.2";
			developmentRegion = English;
			hasScannedForEncodings = 0;
			knownRegions = (
				en,
				Base,
			);
			mainGroup = 3D77B70C1F0A2BD00024DCC7;
			productRefGroup = 3D77B7161F0A2BD00024DCC7 /* Products */;
			projectDirPath = "";
			projectRoot = "";
			targets = (
				3D77B7141F0A2BD00024DCC7 /* GHLogin */,
				3D77B72D1F0A2BD00024DCC7 /* GHLoginTests */,
				3D77B7381F0A2BD00024DCC7 /* GHLoginUITests */,
			);
		};
/* End PBXProject section */

/* Begin PBXResourcesBuildPhase section */
		3D77B7131F0A2BD00024DCC7 /* Resources */ = {
			isa = PBXResourcesBuildPhase;
			buildActionMask = 2147483647;
			files = (
				3D77B7281F0A2BD00024DCC7 /* LaunchScreen.storyboard in Resources */,
				3D77B7251F0A2BD00024DCC7 /* Assets.xcassets in Resources */,
				3D77B7231F0A2BD00024DCC7 /* Main.storyboard in Resources */,
			);
			runOnlyForDeploymentPostprocessing = 0;
		};
		3D77B72C1F0A2BD00024DCC7 /* Resources */ = {
			isa = PBXResourcesBuildPhase;
			buildActionMask = 2147483647;
			files = (
			);
			runOnlyForDeploymentPostprocessing = 0;
		};
		3D77B7371F0A2BD00024DCC7 /* Resources */ = {
			isa = PBXResourcesBuildPhase;
			buildActionMask = 2147483647;
			files = (
			);
			runOnlyForDeploymentPostprocessing = 0;
		};
/* End PBXResourcesBuildPhase section */

/* Begin PBXShellScriptBuildPhase section */
		29E2C22ADACE869F984B721D /* [CP] Embed Pods Frameworks */ = {
			isa = PBXShellScriptBuildPhase;
			buildActionMask = 2147483647;
			files = (
			);
			inputPaths = (
			);
			name = "[CP] Embed Pods Frameworks";
			outputPaths = (
			);
			runOnlyForDeploymentPostprocessing = 0;
			shellPath = /bin/sh;
			shellScript = "\"${SRCROOT}/Pods/Target Support Files/Pods-GHLogin/Pods-GHLogin-frameworks.sh\"\n";
			showEnvVarsInLog = 0;
		};
		4DD3AB83A343662C8B9527C4 /* [CP] Embed Pods Frameworks */ = {
			isa = PBXShellScriptBuildPhase;
			buildActionMask = 2147483647;
			files = (
			);
			inputPaths = (
			);
			name = "[CP] Embed Pods Frameworks";
			outputPaths = (
			);
			runOnlyForDeploymentPostprocessing = 0;
			shellPath = /bin/sh;
			shellScript = "\"${SRCROOT}/Pods/Target Support Files/Pods-GHLoginUITests/Pods-GHLoginUITests-frameworks.sh\"\n";
			showEnvVarsInLog = 0;
		};
		50C8322712DFF3729D00D43D /* [CP] Check Pods Manifest.lock */ = {
			isa = PBXShellScriptBuildPhase;
			buildActionMask = 2147483647;
			files = (
			);
			inputPaths = (
			);
			name = "[CP] Check Pods Manifest.lock";
			outputPaths = (
			);
			runOnlyForDeploymentPostprocessing = 0;
			shellPath = /bin/sh;
			shellScript = "diff \"${PODS_PODFILE_DIR_PATH}/Podfile.lock\" \"${PODS_ROOT}/Manifest.lock\" > /dev/null\nif [ $? != 0 ] ; then\n    # print error to STDERR\n    echo \"error: The sandbox is not in sync with the Podfile.lock. Run 'pod install' or update your CocoaPods installation.\" >&2\n    exit 1\nfi\n";
			showEnvVarsInLog = 0;
		};
		6EEAA6A04D2E5D70BA9CD19F /* [CP] Copy Pods Resources */ = {
			isa = PBXShellScriptBuildPhase;
			buildActionMask = 2147483647;
			files = (
			);
			inputPaths = (
			);
			name = "[CP] Copy Pods Resources";
			outputPaths = (
			);
			runOnlyForDeploymentPostprocessing = 0;
			shellPath = /bin/sh;
			shellScript = "\"${SRCROOT}/Pods/Target Support Files/Pods-GHLoginTests/Pods-GHLoginTests-resources.sh\"\n";
			showEnvVarsInLog = 0;
		};
		A7454C339F93C8D61FBD10C4 /* [CP] Copy Pods Resources */ = {
			isa = PBXShellScriptBuildPhase;
			buildActionMask = 2147483647;
			files = (
			);
			inputPaths = (
			);
			name = "[CP] Copy Pods Resources";
			outputPaths = (
			);
			runOnlyForDeploymentPostprocessing = 0;
			shellPath = /bin/sh;
			shellScript = "\"${SRCROOT}/Pods/Target Support Files/Pods-GHLogin/Pods-GHLogin-resources.sh\"\n";
			showEnvVarsInLog = 0;
		};
		B87D8C2826FF9359E09E267B /* [CP] Copy Pods Resources */ = {
			isa = PBXShellScriptBuildPhase;
			buildActionMask = 2147483647;
			files = (
			);
			inputPaths = (
			);
			name = "[CP] Copy Pods Resources";
			outputPaths = (
			);
			runOnlyForDeploymentPostprocessing = 0;
			shellPath = /bin/sh;
			shellScript = "\"${SRCROOT}/Pods/Target Support Files/Pods-GHLoginUITests/Pods-GHLoginUITests-resources.sh\"\n";
			showEnvVarsInLog = 0;
		};
		D48C598DBC102105DD450FCC /* [CP] Check Pods Manifest.lock */ = {
			isa = PBXShellScriptBuildPhase;
			buildActionMask = 2147483647;
			files = (
			);
			inputPaths = (
			);
			name = "[CP] Check Pods Manifest.lock";
			outputPaths = (
			);
			runOnlyForDeploymentPostprocessing = 0;
			shellPath = /bin/sh;
			shellScript = "diff \"${PODS_PODFILE_DIR_PATH}/Podfile.lock\" \"${PODS_ROOT}/Manifest.lock\" > /dev/null\nif [ $? != 0 ] ; then\n    # print error to STDERR\n    echo \"error: The sandbox is not in sync with the Podfile.lock. Run 'pod install' or update your CocoaPods installation.\" >&2\n    exit 1\nfi\n";
			showEnvVarsInLog = 0;
		};
		DB19C675B87A99696C625A20 /* [CP] Check Pods Manifest.lock */ = {
			isa = PBXShellScriptBuildPhase;
			buildActionMask = 2147483647;
			files = (
			);
			inputPaths = (
			);
			name = "[CP] Check Pods Manifest.lock";
			outputPaths = (
			);
			runOnlyForDeploymentPostprocessing = 0;
			shellPath = /bin/sh;
			shellScript = "diff \"${PODS_PODFILE_DIR_PATH}/Podfile.lock\" \"${PODS_ROOT}/Manifest.lock\" > /dev/null\nif [ $? != 0 ] ; then\n    # print error to STDERR\n    echo \"error: The sandbox is not in sync with the Podfile.lock. Run 'pod install' or update your CocoaPods installation.\" >&2\n    exit 1\nfi\n";
			showEnvVarsInLog = 0;
		};
		FC507CD4FA4F150B72E75C83 /* [CP] Embed Pods Frameworks */ = {
			isa = PBXShellScriptBuildPhase;
			buildActionMask = 2147483647;
			files = (
			);
			inputPaths = (
			);
			name = "[CP] Embed Pods Frameworks";
			outputPaths = (
			);
			runOnlyForDeploymentPostprocessing = 0;
			shellPath = /bin/sh;
			shellScript = "\"${SRCROOT}/Pods/Target Support Files/Pods-GHLoginTests/Pods-GHLoginTests-frameworks.sh\"\n";
			showEnvVarsInLog = 0;
		};
/* End PBXShellScriptBuildPhase section */

/* Begin PBXSourcesBuildPhase section */
		3D77B7111F0A2BD00024DCC7 /* Sources */ = {
			isa = PBXSourcesBuildPhase;
			buildActionMask = 2147483647;
			files = (
				3D77B7501F0A2C2B0024DCC7 /* GHLoginViewController.m in Sources */,
				3D77B71D1F0A2BD00024DCC7 /* AppDelegate.m in Sources */,
				3D77B71A1F0A2BD00024DCC7 /* main.m in Sources */,
			);
			runOnlyForDeploymentPostprocessing = 0;
		};
		3D77B72A1F0A2BD00024DCC7 /* Sources */ = {
			isa = PBXSourcesBuildPhase;
			buildActionMask = 2147483647;
			files = (
				3D77B7331F0A2BD00024DCC7 /* GHLoginTests.m in Sources */,
			);
			runOnlyForDeploymentPostprocessing = 0;
		};
		3D77B7351F0A2BD00024DCC7 /* Sources */ = {
			isa = PBXSourcesBuildPhase;
			buildActionMask = 2147483647;
			files = (
				3D77B73E1F0A2BD00024DCC7 /* GHLoginUITests.m in Sources */,
			);
			runOnlyForDeploymentPostprocessing = 0;
		};
/* End PBXSourcesBuildPhase section */

/* Begin PBXTargetDependency section */
		3D77B7301F0A2BD00024DCC7 /* PBXTargetDependency */ = {
			isa = PBXTargetDependency;
			target = 3D77B7141F0A2BD00024DCC7 /* GHLogin */;
			targetProxy = 3D77B72F1F0A2BD00024DCC7 /* PBXContainerItemProxy */;
		};
		3D77B73B1F0A2BD00024DCC7 /* PBXTargetDependency */ = {
			isa = PBXTargetDependency;
			target = 3D77B7141F0A2BD00024DCC7 /* GHLogin */;
			targetProxy = 3D77B73A1F0A2BD00024DCC7 /* PBXContainerItemProxy */;
		};
/* End PBXTargetDependency section */

/* Begin PBXVariantGroup section */
		3D77B7211F0A2BD00024DCC7 /* Main.storyboard */ = {
			isa = PBXVariantGroup;
			children = (
				3D77B7221F0A2BD00024DCC7 /* Base */,
			);
			name = Main.storyboard;
			sourceTree = "<group>";
		};
		3D77B7261F0A2BD00024DCC7 /* LaunchScreen.storyboard */ = {
			isa = PBXVariantGroup;
			children = (
				3D77B7271F0A2BD00024DCC7 /* Base */,
			);
			name = LaunchScreen.storyboard;
			sourceTree = "<group>";
		};
/* End PBXVariantGroup section */

/* Begin XCBuildConfiguration section */
		3D77B7401F0A2BD00024DCC7 /* Debug */ = {
			isa = XCBuildConfiguration;
			buildSettings = {
				ALWAYS_SEARCH_USER_PATHS = NO;
				CLANG_ANALYZER_NONNULL = YES;
				CLANG_ANALYZER_NUMBER_OBJECT_CONVERSION = YES_AGGRESSIVE;
				CLANG_CXX_LANGUAGE_STANDARD = "gnu++0x";
				CLANG_CXX_LIBRARY = "libc++";
				CLANG_ENABLE_MODULES = YES;
				CLANG_ENABLE_OBJC_ARC = YES;
				CLANG_WARN_BOOL_CONVERSION = YES;
				CLANG_WARN_CONSTANT_CONVERSION = YES;
				CLANG_WARN_DIRECT_OBJC_ISA_USAGE = YES_ERROR;
				CLANG_WARN_DOCUMENTATION_COMMENTS = YES;
				CLANG_WARN_EMPTY_BODY = YES;
				CLANG_WARN_ENUM_CONVERSION = YES;
				CLANG_WARN_INFINITE_RECURSION = YES;
				CLANG_WARN_INT_CONVERSION = YES;
				CLANG_WARN_OBJC_ROOT_CLASS = YES_ERROR;
				CLANG_WARN_SUSPICIOUS_MOVE = YES;
				CLANG_WARN_UNREACHABLE_CODE = YES;
				CLANG_WARN__DUPLICATE_METHOD_MATCH = YES;
				"CODE_SIGN_IDENTITY[sdk=iphoneos*]" = "iPhone Developer";
				COPY_PHASE_STRIP = NO;
				DEBUG_INFORMATION_FORMAT = dwarf;
				ENABLE_STRICT_OBJC_MSGSEND = YES;
				ENABLE_TESTABILITY = YES;
				GCC_C_LANGUAGE_STANDARD = gnu99;
				GCC_DYNAMIC_NO_PIC = NO;
				GCC_NO_COMMON_BLOCKS = YES;
				GCC_OPTIMIZATION_LEVEL = 0;
				GCC_PREPROCESSOR_DEFINITIONS = (
					"DEBUG=1",
					"$(inherited)",
				);
				GCC_WARN_64_TO_32_BIT_CONVERSION = YES;
				GCC_WARN_ABOUT_RETURN_TYPE = YES_ERROR;
				GCC_WARN_UNDECLARED_SELECTOR = YES;
				GCC_WARN_UNINITIALIZED_AUTOS = YES_AGGRESSIVE;
				GCC_WARN_UNUSED_FUNCTION = YES;
				GCC_WARN_UNUSED_VARIABLE = YES;
				IPHONEOS_DEPLOYMENT_TARGET = 10.3;
				MTL_ENABLE_DEBUG_INFO = YES;
				ONLY_ACTIVE_ARCH = YES;
				SDKROOT = iphoneos;
				TARGETED_DEVICE_FAMILY = "1,2";
			};
			name = Debug;
		};
		3D77B7411F0A2BD00024DCC7 /* Release */ = {
			isa = XCBuildConfiguration;
			buildSettings = {
				ALWAYS_SEARCH_USER_PATHS = NO;
				CLANG_ANALYZER_NONNULL = YES;
				CLANG_ANALYZER_NUMBER_OBJECT_CONVERSION = YES_AGGRESSIVE;
				CLANG_CXX_LANGUAGE_STANDARD = "gnu++0x";
				CLANG_CXX_LIBRARY = "libc++";
				CLANG_ENABLE_MODULES = YES;
				CLANG_ENABLE_OBJC_ARC = YES;
				CLANG_WARN_BOOL_CONVERSION = YES;
				CLANG_WARN_CONSTANT_CONVERSION = YES;
				CLANG_WARN_DIRECT_OBJC_ISA_USAGE = YES_ERROR;
				CLANG_WARN_DOCUMENTATION_COMMENTS = YES;
				CLANG_WARN_EMPTY_BODY = YES;
				CLANG_WARN_ENUM_CONVERSION = YES;
				CLANG_WARN_INFINITE_RECURSION = YES;
				CLANG_WARN_INT_CONVERSION = YES;
				CLANG_WARN_OBJC_ROOT_CLASS = YES_ERROR;
				CLANG_WARN_SUSPICIOUS_MOVE = YES;
				CLANG_WARN_UNREACHABLE_CODE = YES;
				CLANG_WARN__DUPLICATE_METHOD_MATCH = YES;
				"CODE_SIGN_IDENTITY[sdk=iphoneos*]" = "iPhone Developer";
				COPY_PHASE_STRIP = NO;
				DEBUG_INFORMATION_FORMAT = "dwarf-with-dsym";
				ENABLE_NS_ASSERTIONS = NO;
				ENABLE_STRICT_OBJC_MSGSEND = YES;
				GCC_C_LANGUAGE_STANDARD = gnu99;
				GCC_NO_COMMON_BLOCKS = YES;
				GCC_WARN_64_TO_32_BIT_CONVERSION = YES;
				GCC_WARN_ABOUT_RETURN_TYPE = YES_ERROR;
				GCC_WARN_UNDECLARED_SELECTOR = YES;
				GCC_WARN_UNINITIALIZED_AUTOS = YES_AGGRESSIVE;
				GCC_WARN_UNUSED_FUNCTION = YES;
				GCC_WARN_UNUSED_VARIABLE = YES;
				IPHONEOS_DEPLOYMENT_TARGET = 10.3;
				MTL_ENABLE_DEBUG_INFO = NO;
				SDKROOT = iphoneos;
				TARGETED_DEVICE_FAMILY = "1,2";
				VALIDATE_PRODUCT = YES;
			};
			name = Release;
		};
		3D77B7431F0A2BD00024DCC7 /* Debug */ = {
			isa = XCBuildConfiguration;
			baseConfigurationReference = 83260C036634B028B0B1B400 /* Pods-GHLogin.debug.xcconfig */;
			buildSettings = {
				ASSETCATALOG_COMPILER_APPICON_NAME = AppIcon;
				DEVELOPMENT_TEAM = 7662535V8E;
				INFOPLIST_FILE = GHLogin/Info.plist;
				LD_RUNPATH_SEARCH_PATHS = "$(inherited) @executable_path/Frameworks";
				PRODUCT_BUNDLE_IDENTIFIER = eiboran.com.GHLogin;
				PRODUCT_NAME = "$(TARGET_NAME)";
			};
			name = Debug;
		};
		3D77B7441F0A2BD00024DCC7 /* Release */ = {
			isa = XCBuildConfiguration;
			baseConfigurationReference = 3CEE32483A6206728E8290F9 /* Pods-GHLogin.release.xcconfig */;
			buildSettings = {
				ASSETCATALOG_COMPILER_APPICON_NAME = AppIcon;
				DEVELOPMENT_TEAM = 7662535V8E;
				INFOPLIST_FILE = GHLogin/Info.plist;
				LD_RUNPATH_SEARCH_PATHS = "$(inherited) @executable_path/Frameworks";
				PRODUCT_BUNDLE_IDENTIFIER = eiboran.com.GHLogin;
				PRODUCT_NAME = "$(TARGET_NAME)";
			};
			name = Release;
		};
		3D77B7461F0A2BD00024DCC7 /* Debug */ = {
			isa = XCBuildConfiguration;
			baseConfigurationReference = 43DE57AB91AED95F0DFA3864 /* Pods-GHLoginTests.debug.xcconfig */;
			buildSettings = {
				BUNDLE_LOADER = "$(TEST_HOST)";
				INFOPLIST_FILE = GHLoginTests/Info.plist;
				LD_RUNPATH_SEARCH_PATHS = "$(inherited) @executable_path/Frameworks @loader_path/Frameworks";
				PRODUCT_BUNDLE_IDENTIFIER = eiboran.com.GHLoginTests;
				PRODUCT_NAME = "$(TARGET_NAME)";
				TEST_HOST = "$(BUILT_PRODUCTS_DIR)/GHLogin.app/GHLogin";
			};
			name = Debug;
		};
		3D77B7471F0A2BD00024DCC7 /* Release */ = {
			isa = XCBuildConfiguration;
			baseConfigurationReference = 9F72034FCB2297246FBC8896 /* Pods-GHLoginTests.release.xcconfig */;
			buildSettings = {
				BUNDLE_LOADER = "$(TEST_HOST)";
				INFOPLIST_FILE = GHLoginTests/Info.plist;
				LD_RUNPATH_SEARCH_PATHS = "$(inherited) @executable_path/Frameworks @loader_path/Frameworks";
				PRODUCT_BUNDLE_IDENTIFIER = eiboran.com.GHLoginTests;
				PRODUCT_NAME = "$(TARGET_NAME)";
				TEST_HOST = "$(BUILT_PRODUCTS_DIR)/GHLogin.app/GHLogin";
			};
			name = Release;
		};
		3D77B7491F0A2BD00024DCC7 /* Debug */ = {
			isa = XCBuildConfiguration;
			baseConfigurationReference = 2AFAC292A6C9E8ADAA5976E4 /* Pods-GHLoginUITests.debug.xcconfig */;
			buildSettings = {
				INFOPLIST_FILE = GHLoginUITests/Info.plist;
				LD_RUNPATH_SEARCH_PATHS = "$(inherited) @executable_path/Frameworks @loader_path/Frameworks";
				PRODUCT_BUNDLE_IDENTIFIER = eiboran.com.GHLoginUITests;
				PRODUCT_NAME = "$(TARGET_NAME)";
				TEST_TARGET_NAME = GHLogin;
			};
			name = Debug;
		};
		3D77B74A1F0A2BD00024DCC7 /* Release */ = {
			isa = XCBuildConfiguration;
			baseConfigurationReference = 73D1C888A9A9E436407132ED /* Pods-GHLoginUITests.release.xcconfig */;
			buildSettings = {
				INFOPLIST_FILE = GHLoginUITests/Info.plist;
				LD_RUNPATH_SEARCH_PATHS = "$(inherited) @executable_path/Frameworks @loader_path/Frameworks";
				PRODUCT_BUNDLE_IDENTIFIER = eiboran.com.GHLoginUITests;
				PRODUCT_NAME = "$(TARGET_NAME)";
				TEST_TARGET_NAME = GHLogin;
			};
			name = Release;
		};
/* End XCBuildConfiguration section */

/* Begin XCConfigurationList section */
		3D77B7101F0A2BD00024DCC7 /* Build configuration list for PBXProject "GHLogin" */ = {
			isa = XCConfigurationList;
			buildConfigurations = (
				3D77B7401F0A2BD00024DCC7 /* Debug */,
				3D77B7411F0A2BD00024DCC7 /* Release */,
			);
			defaultConfigurationIsVisible = 0;
			defaultConfigurationName = Release;
		};
		3D77B7421F0A2BD00024DCC7 /* Build configuration list for PBXNativeTarget "GHLogin" */ = {
			isa = XCConfigurationList;
			buildConfigurations = (
				3D77B7431F0A2BD00024DCC7 /* Debug */,
				3D77B7441F0A2BD00024DCC7 /* Release */,
			);
			defaultConfigurationIsVisible = 0;
		};
		3D77B7451F0A2BD00024DCC7 /* Build configuration list for PBXNativeTarget "GHLoginTests" */ = {
			isa = XCConfigurationList;
			buildConfigurations = (
				3D77B7461F0A2BD00024DCC7 /* Debug */,
				3D77B7471F0A2BD00024DCC7 /* Release */,
			);
			defaultConfigurationIsVisible = 0;
		};
		3D77B7481F0A2BD00024DCC7 /* Build configuration list for PBXNativeTarget "GHLoginUITests" */ = {
			isa = XCConfigurationList;
			buildConfigurations = (
				3D77B7491F0A2BD00024DCC7 /* Debug */,
				3D77B74A1F0A2BD00024DCC7 /* Release */,
			);
			defaultConfigurationIsVisible = 0;
		};
/* End XCConfigurationList section */
	};
	rootObject = 3D77B70D1F0A2BD00024DCC7 /* Project object */;
}
